// !$*UTF8*$!
{
	archiveVersion = 1;
	classes = {
	};
	objectVersion = 46;
	objects = {

/* Begin PBXBuildFile section */
		AC3E0D801E3B358C00FD38AE /* UIStoryboardExtensions.swift in Sources */ = {isa = PBXBuildFile; fileRef = AC3E0D7F1E3B358C00FD38AE /* UIStoryboardExtensions.swift */; };
		ACF8DC3F1E3B196400D4EC8B /* AppDelegate.swift in Sources */ = {isa = PBXBuildFile; fileRef = ACF8DC3E1E3B196400D4EC8B /* AppDelegate.swift */; };
		ACF8DC411E3B196400D4EC8B /* AppViewController.swift in Sources */ = {isa = PBXBuildFile; fileRef = ACF8DC401E3B196400D4EC8B /* AppViewController.swift */; };
		ACF8DC441E3B196400D4EC8B /* Schedule.storyboard in Resources */ = {isa = PBXBuildFile; fileRef = ACF8DC421E3B196400D4EC8B /* Schedule.storyboard */; };
		ACF8DC461E3B196400D4EC8B /* Assets.xcassets in Resources */ = {isa = PBXBuildFile; fileRef = ACF8DC451E3B196400D4EC8B /* Assets.xcassets */; };
		ACF8DC491E3B196400D4EC8B /* LaunchScreen.storyboard in Resources */ = {isa = PBXBuildFile; fileRef = ACF8DC471E3B196400D4EC8B /* LaunchScreen.storyboard */; };
		ACF8DC541E3B196400D4EC8B /* FreshFadesTests.swift in Sources */ = {isa = PBXBuildFile; fileRef = ACF8DC531E3B196400D4EC8B /* FreshFadesTests.swift */; };
		ACFA490C1E3BE6C0009D2E9A /* UIStoryboardExtensionsTests.swift in Sources */ = {isa = PBXBuildFile; fileRef = ACFA490B1E3BE6C0009D2E9A /* UIStoryboardExtensionsTests.swift */; };
		E13B962A3C815BCEE056969F /* Pods_FreshFadesTests.framework in Frameworks */ = {isa = PBXBuildFile; fileRef = FE285E9B549366AE15D5243D /* Pods_FreshFadesTests.framework */; };
		F0FE2775D859F370D0F1ACE2 /* Pods_FreshFades.framework in Frameworks */ = {isa = PBXBuildFile; fileRef = 112FD92BD774C0C7DC7EBD3E /* Pods_FreshFades.framework */; };
/* End PBXBuildFile section */

/* Begin PBXContainerItemProxy section */
		ACF8DC501E3B196400D4EC8B /* PBXContainerItemProxy */ = {
			isa = PBXContainerItemProxy;
			containerPortal = ACF8DC331E3B196300D4EC8B /* Project object */;
			proxyType = 1;
			remoteGlobalIDString = ACF8DC3A1E3B196300D4EC8B;
			remoteInfo = FreshFades;
		};
/* End PBXContainerItemProxy section */

/* Begin PBXFileReference section */
		112FD92BD774C0C7DC7EBD3E /* Pods_FreshFades.framework */ = {isa = PBXFileReference; explicitFileType = wrapper.framework; includeInIndex = 0; path = Pods_FreshFades.framework; sourceTree = BUILT_PRODUCTS_DIR; };
		5A3D58B74F8978FCB3E7911D /* Pods-FreshFadesTests.debug.xcconfig */ = {isa = PBXFileReference; includeInIndex = 1; lastKnownFileType = text.xcconfig; name = "Pods-FreshFadesTests.debug.xcconfig"; path = "Pods/Target Support Files/Pods-FreshFadesTests/Pods-FreshFadesTests.debug.xcconfig"; sourceTree = "<group>"; };
		5A7C63D0D8933DE3CDA1D55A /* Pods-FreshFades.release.xcconfig */ = {isa = PBXFileReference; includeInIndex = 1; lastKnownFileType = text.xcconfig; name = "Pods-FreshFades.release.xcconfig"; path = "Pods/Target Support Files/Pods-FreshFades/Pods-FreshFades.release.xcconfig"; sourceTree = "<group>"; };
		86EDBAFA1EF4EDA314F4693F /* Pods-FreshFadesTests.release.xcconfig */ = {isa = PBXFileReference; includeInIndex = 1; lastKnownFileType = text.xcconfig; name = "Pods-FreshFadesTests.release.xcconfig"; path = "Pods/Target Support Files/Pods-FreshFadesTests/Pods-FreshFadesTests.release.xcconfig"; sourceTree = "<group>"; };
		AC3E0D7F1E3B358C00FD38AE /* UIStoryboardExtensions.swift */ = {isa = PBXFileReference; fileEncoding = 4; lastKnownFileType = sourcecode.swift; path = UIStoryboardExtensions.swift; sourceTree = "<group>"; };
		ACF8DC3B1E3B196400D4EC8B /* FreshFades.app */ = {isa = PBXFileReference; explicitFileType = wrapper.application; includeInIndex = 0; path = FreshFades.app; sourceTree = BUILT_PRODUCTS_DIR; };
		ACF8DC3E1E3B196400D4EC8B /* AppDelegate.swift */ = {isa = PBXFileReference; lastKnownFileType = sourcecode.swift; path = AppDelegate.swift; sourceTree = "<group>"; };
		ACF8DC401E3B196400D4EC8B /* AppViewController.swift */ = {isa = PBXFileReference; lastKnownFileType = sourcecode.swift; path = AppViewController.swift; sourceTree = "<group>"; };
		ACF8DC431E3B196400D4EC8B /* Base */ = {isa = PBXFileReference; lastKnownFileType = file.storyboard; name = Base; path = Base.lproj/Schedule.storyboard; sourceTree = "<group>"; };
		ACF8DC451E3B196400D4EC8B /* Assets.xcassets */ = {isa = PBXFileReference; lastKnownFileType = folder.assetcatalog; path = Assets.xcassets; sourceTree = "<group>"; };
		ACF8DC481E3B196400D4EC8B /* Base */ = {isa = PBXFileReference; lastKnownFileType = file.storyboard; name = Base; path = Base.lproj/LaunchScreen.storyboard; sourceTree = "<group>"; };
		ACF8DC4A1E3B196400D4EC8B /* Info.plist */ = {isa = PBXFileReference; lastKnownFileType = text.plist.xml; path = Info.plist; sourceTree = "<group>"; };
		ACF8DC4F1E3B196400D4EC8B /* FreshFadesTests.xctest */ = {isa = PBXFileReference; explicitFileType = wrapper.cfbundle; includeInIndex = 0; path = FreshFadesTests.xctest; sourceTree = BUILT_PRODUCTS_DIR; };
		ACF8DC531E3B196400D4EC8B /* FreshFadesTests.swift */ = {isa = PBXFileReference; lastKnownFileType = sourcecode.swift; path = FreshFadesTests.swift; sourceTree = "<group>"; };
		ACF8DC551E3B196400D4EC8B /* Info.plist */ = {isa = PBXFileReference; lastKnownFileType = text.plist.xml; path = Info.plist; sourceTree = "<group>"; };
		ACFA490B1E3BE6C0009D2E9A /* UIStoryboardExtensionsTests.swift */ = {isa = PBXFileReference; fileEncoding = 4; lastKnownFileType = sourcecode.swift; path = UIStoryboardExtensionsTests.swift; sourceTree = "<group>"; };
		F2A3E0CDFA3D2C3591129C11 /* Pods-FreshFades.debug.xcconfig */ = {isa = PBXFileReference; includeInIndex = 1; lastKnownFileType = text.xcconfig; name = "Pods-FreshFades.debug.xcconfig"; path = "Pods/Target Support Files/Pods-FreshFades/Pods-FreshFades.debug.xcconfig"; sourceTree = "<group>"; };
		FE285E9B549366AE15D5243D /* Pods_FreshFadesTests.framework */ = {isa = PBXFileReference; explicitFileType = wrapper.framework; includeInIndex = 0; path = Pods_FreshFadesTests.framework; sourceTree = BUILT_PRODUCTS_DIR; };
/* End PBXFileReference section */

/* Begin PBXFrameworksBuildPhase section */
		ACF8DC381E3B196300D4EC8B /* Frameworks */ = {
			isa = PBXFrameworksBuildPhase;
			buildActionMask = 2147483647;
			files = (
				F0FE2775D859F370D0F1ACE2 /* Pods_FreshFades.framework in Frameworks */,
			);
			runOnlyForDeploymentPostprocessing = 0;
		};
		ACF8DC4C1E3B196400D4EC8B /* Frameworks */ = {
			isa = PBXFrameworksBuildPhase;
			buildActionMask = 2147483647;
			files = (
				E13B962A3C815BCEE056969F /* Pods_FreshFadesTests.framework in Frameworks */,
			);
			runOnlyForDeploymentPostprocessing = 0;
		};
/* End PBXFrameworksBuildPhase section */

/* Begin PBXGroup section */
		611460D413F7A3CF7FB294D7 /* Frameworks */ = {
			isa = PBXGroup;
			children = (
				112FD92BD774C0C7DC7EBD3E /* Pods_FreshFades.framework */,
				FE285E9B549366AE15D5243D /* Pods_FreshFadesTests.framework */,
			);
			name = Frameworks;
			sourceTree = "<group>";
		};
		ACF8DC321E3B196300D4EC8B = {
			isa = PBXGroup;
			children = (
				ACF8DC3D1E3B196400D4EC8B /* FreshFades */,
				ACF8DC521E3B196400D4EC8B /* FreshFadesTests */,
				ACF8DC3C1E3B196400D4EC8B /* Products */,
				CCE0C0C091508415CD3B7B4E /* Pods */,
				611460D413F7A3CF7FB294D7 /* Frameworks */,
			);
			sourceTree = "<group>";
		};
		ACF8DC3C1E3B196400D4EC8B /* Products */ = {
			isa = PBXGroup;
			children = (
				ACF8DC3B1E3B196400D4EC8B /* FreshFades.app */,
				ACF8DC4F1E3B196400D4EC8B /* FreshFadesTests.xctest */,
			);
			name = Products;
			sourceTree = "<group>";
		};
		ACF8DC3D1E3B196400D4EC8B /* FreshFades */ = {
			isa = PBXGroup;
			children = (
				ACF8DC3E1E3B196400D4EC8B /* AppDelegate.swift */,
				AC3E0D7F1E3B358C00FD38AE /* UIStoryboardExtensions.swift */,
				ACF8DC401E3B196400D4EC8B /* AppViewController.swift */,
				ACF8DC421E3B196400D4EC8B /* Schedule.storyboard */,
				ACF8DC451E3B196400D4EC8B /* Assets.xcassets */,
				ACF8DC471E3B196400D4EC8B /* LaunchScreen.storyboard */,
				ACF8DC4A1E3B196400D4EC8B /* Info.plist */,
			);
			path = FreshFades;
			sourceTree = "<group>";
		};
		ACF8DC521E3B196400D4EC8B /* FreshFadesTests */ = {
			isa = PBXGroup;
			children = (
				ACF8DC531E3B196400D4EC8B /* FreshFadesTests.swift */,
				ACFA490B1E3BE6C0009D2E9A /* UIStoryboardExtensionsTests.swift */,
				ACF8DC551E3B196400D4EC8B /* Info.plist */,
			);
			path = FreshFadesTests;
			sourceTree = "<group>";
		};
		CCE0C0C091508415CD3B7B4E /* Pods */ = {
			isa = PBXGroup;
			children = (
				F2A3E0CDFA3D2C3591129C11 /* Pods-FreshFades.debug.xcconfig */,
				5A7C63D0D8933DE3CDA1D55A /* Pods-FreshFades.release.xcconfig */,
				5A3D58B74F8978FCB3E7911D /* Pods-FreshFadesTests.debug.xcconfig */,
				86EDBAFA1EF4EDA314F4693F /* Pods-FreshFadesTests.release.xcconfig */,
			);
			name = Pods;
			sourceTree = "<group>";
		};
/* End PBXGroup section */

/* Begin PBXNativeTarget section */
		ACF8DC3A1E3B196300D4EC8B /* FreshFades */ = {
			isa = PBXNativeTarget;
			buildConfigurationList = ACF8DC581E3B196400D4EC8B /* Build configuration list for PBXNativeTarget "FreshFades" */;
			buildPhases = (
				B8177059137E46C6215E18CA /* [CP] Check Pods Manifest.lock */,
				ACF8DC371E3B196300D4EC8B /* Sources */,
				ACF8DC381E3B196300D4EC8B /* Frameworks */,
				ACF8DC391E3B196300D4EC8B /* Resources */,
				3AD431A789CDA14934F7A509 /* [CP] Embed Pods Frameworks */,
				89E60CF6FF454B0197FDD664 /* [CP] Copy Pods Resources */,
			);
			buildRules = (
			);
			dependencies = (
			);
			name = FreshFades;
			productName = FreshFades;
			productReference = ACF8DC3B1E3B196400D4EC8B /* FreshFades.app */;
			productType = "com.apple.product-type.application";
		};
		ACF8DC4E1E3B196400D4EC8B /* FreshFadesTests */ = {
			isa = PBXNativeTarget;
			buildConfigurationList = ACF8DC5B1E3B196400D4EC8B /* Build configuration list for PBXNativeTarget "FreshFadesTests" */;
			buildPhases = (
				0B9B82C9B6CB89E7D8E17A4F /* [CP] Check Pods Manifest.lock */,
				ACF8DC4B1E3B196400D4EC8B /* Sources */,
				ACF8DC4C1E3B196400D4EC8B /* Frameworks */,
				ACF8DC4D1E3B196400D4EC8B /* Resources */,
				471DFDAC34205A4CB815D08C /* [CP] Embed Pods Frameworks */,
				BFE13B9BAECA6B7AAACCE993 /* [CP] Copy Pods Resources */,
			);
			buildRules = (
			);
			dependencies = (
				ACF8DC511E3B196400D4EC8B /* PBXTargetDependency */,
			);
			name = FreshFadesTests;
			productName = FreshFadesTests;
			productReference = ACF8DC4F1E3B196400D4EC8B /* FreshFadesTests.xctest */;
			productType = "com.apple.product-type.bundle.unit-test";
		};
/* End PBXNativeTarget section */

/* Begin PBXProject section */
		ACF8DC331E3B196300D4EC8B /* Project object */ = {
			isa = PBXProject;
			attributes = {
				LastSwiftUpdateCheck = 0820;
				LastUpgradeCheck = 0820;
				ORGANIZATIONNAME = "Rutger Farry";
				TargetAttributes = {
					ACF8DC3A1E3B196300D4EC8B = {
						CreatedOnToolsVersion = 8.2.1;
						DevelopmentTeam = 6QBR52NJ4V;
						ProvisioningStyle = Automatic;
					};
					ACF8DC4E1E3B196400D4EC8B = {
						CreatedOnToolsVersion = 8.2.1;
						DevelopmentTeam = 6QBR52NJ4V;
						ProvisioningStyle = Automatic;
						TestTargetID = ACF8DC3A1E3B196300D4EC8B;
					};
				};
			};
			buildConfigurationList = ACF8DC361E3B196300D4EC8B /* Build configuration list for PBXProject "FreshFades" */;
			compatibilityVersion = "Xcode 3.2";
			developmentRegion = English;
			hasScannedForEncodings = 0;
			knownRegions = (
				en,
				Base,
			);
			mainGroup = ACF8DC321E3B196300D4EC8B;
			productRefGroup = ACF8DC3C1E3B196400D4EC8B /* Products */;
			projectDirPath = "";
			projectRoot = "";
			targets = (
				ACF8DC3A1E3B196300D4EC8B /* FreshFades */,
				ACF8DC4E1E3B196400D4EC8B /* FreshFadesTests */,
			);
		};
/* End PBXProject section */

/* Begin PBXResourcesBuildPhase section */
		ACF8DC391E3B196300D4EC8B /* Resources */ = {
			isa = PBXResourcesBuildPhase;
			buildActionMask = 2147483647;
			files = (
				ACF8DC491E3B196400D4EC8B /* LaunchScreen.storyboard in Resources */,
				ACF8DC461E3B196400D4EC8B /* Assets.xcassets in Resources */,
				ACF8DC441E3B196400D4EC8B /* Schedule.storyboard in Resources */,
			);
			runOnlyForDeploymentPostprocessing = 0;
		};
		ACF8DC4D1E3B196400D4EC8B /* Resources */ = {
			isa = PBXResourcesBuildPhase;
			buildActionMask = 2147483647;
			files = (
			);
			runOnlyForDeploymentPostprocessing = 0;
		};
/* End PBXResourcesBuildPhase section */

/* Begin PBXShellScriptBuildPhase section */
		0B9B82C9B6CB89E7D8E17A4F /* [CP] Check Pods Manifest.lock */ = {
			isa = PBXShellScriptBuildPhase;
			buildActionMask = 2147483647;
			files = (
			);
			inputPaths = (
			);
			name = "[CP] Check Pods Manifest.lock";
			outputPaths = (
			);
			runOnlyForDeploymentPostprocessing = 0;
			shellPath = /bin/sh;
			shellScript = "diff \"${PODS_ROOT}/../Podfile.lock\" \"${PODS_ROOT}/Manifest.lock\" > /dev/null\nif [ $? != 0 ] ; then\n    # print error to STDERR\n    echo \"error: The sandbox is not in sync with the Podfile.lock. Run 'pod install' or update your CocoaPods installation.\" >&2\n    exit 1\nfi\n";
			showEnvVarsInLog = 0;
		};
		3AD431A789CDA14934F7A509 /* [CP] Embed Pods Frameworks */ = {
			isa = PBXShellScriptBuildPhase;
			buildActionMask = 2147483647;
			files = (
			);
			inputPaths = (
			);
			name = "[CP] Embed Pods Frameworks";
			outputPaths = (
			);
			runOnlyForDeploymentPostprocessing = 0;
			shellPath = /bin/sh;
			shellScript = "\"${SRCROOT}/Pods/Target Support Files/Pods-FreshFades/Pods-FreshFades-frameworks.sh\"\n";
			showEnvVarsInLog = 0;
		};
		471DFDAC34205A4CB815D08C /* [CP] Embed Pods Frameworks */ = {
			isa = PBXShellScriptBuildPhase;
			buildActionMask = 2147483647;
			files = (
			);
			inputPaths = (
			);
			name = "[CP] Embed Pods Frameworks";
			outputPaths = (
			);
			runOnlyForDeploymentPostprocessing = 0;
			shellPath = /bin/sh;
			shellScript = "\"${SRCROOT}/Pods/Target Support Files/Pods-FreshFadesTests/Pods-FreshFadesTests-frameworks.sh\"\n";
			showEnvVarsInLog = 0;
		};
		89E60CF6FF454B0197FDD664 /* [CP] Copy Pods Resources */ = {
			isa = PBXShellScriptBuildPhase;
			buildActionMask = 2147483647;
			files = (
			);
			inputPaths = (
			);
			name = "[CP] Copy Pods Resources";
			outputPaths = (
			);
			runOnlyForDeploymentPostprocessing = 0;
			shellPath = /bin/sh;
			shellScript = "\"${SRCROOT}/Pods/Target Support Files/Pods-FreshFades/Pods-FreshFades-resources.sh\"\n";
			showEnvVarsInLog = 0;
		};
		B8177059137E46C6215E18CA /* [CP] Check Pods Manifest.lock */ = {
			isa = PBXShellScriptBuildPhase;
			buildActionMask = 2147483647;
			files = (
			);
			inputPaths = (
			);
			name = "[CP] Check Pods Manifest.lock";
			outputPaths = (
			);
			runOnlyForDeploymentPostprocessing = 0;
			shellPath = /bin/sh;
			shellScript = "diff \"${PODS_ROOT}/../Podfile.lock\" \"${PODS_ROOT}/Manifest.lock\" > /dev/null\nif [ $? != 0 ] ; then\n    # print error to STDERR\n    echo \"error: The sandbox is not in sync with the Podfile.lock. Run 'pod install' or update your CocoaPods installation.\" >&2\n    exit 1\nfi\n";
			showEnvVarsInLog = 0;
		};
		BFE13B9BAECA6B7AAACCE993 /* [CP] Copy Pods Resources */ = {
			isa = PBXShellScriptBuildPhase;
			buildActionMask = 2147483647;
			files = (
			);
			inputPaths = (
			);
			name = "[CP] Copy Pods Resources";
			outputPaths = (
			);
			runOnlyForDeploymentPostprocessing = 0;
			shellPath = /bin/sh;
			shellScript = "\"${SRCROOT}/Pods/Target Support Files/Pods-FreshFadesTests/Pods-FreshFadesTests-resources.sh\"\n";
			showEnvVarsInLog = 0;
		};
/* End PBXShellScriptBuildPhase section */

/* Begin PBXSourcesBuildPhase section */
		ACF8DC371E3B196300D4EC8B /* Sources */ = {
			isa = PBXSourcesBuildPhase;
			buildActionMask = 2147483647;
			files = (
				AC3E0D801E3B358C00FD38AE /* UIStoryboardExtensions.swift in Sources */,
				ACF8DC411E3B196400D4EC8B /* AppViewController.swift in Sources */,
				ACF8DC3F1E3B196400D4EC8B /* AppDelegate.swift in Sources */,
			);
			runOnlyForDeploymentPostprocessing = 0;
		};
		ACF8DC4B1E3B196400D4EC8B /* Sources */ = {
			isa = PBXSourcesBuildPhase;
			buildActionMask = 2147483647;
			files = (
				ACFA490C1E3BE6C0009D2E9A /* UIStoryboardExtensionsTests.swift in Sources */,
				ACF8DC541E3B196400D4EC8B /* FreshFadesTests.swift in Sources */,
			);
			runOnlyForDeploymentPostprocessing = 0;
		};
/* End PBXSourcesBuildPhase section */

/* Begin PBXTargetDependency section */
		ACF8DC511E3B196400D4EC8B /* PBXTargetDependency */ = {
			isa = PBXTargetDependency;
			target = ACF8DC3A1E3B196300D4EC8B /* FreshFades */;
			targetProxy = ACF8DC501E3B196400D4EC8B /* PBXContainerItemProxy */;
		};
/* End PBXTargetDependency section */

/* Begin PBXVariantGroup section */
		ACF8DC421E3B196400D4EC8B /* Schedule.storyboard */ = {
			isa = PBXVariantGroup;
			children = (
				ACF8DC431E3B196400D4EC8B /* Base */,
			);
			name = Schedule.storyboard;
			sourceTree = "<group>";
		};
		ACF8DC471E3B196400D4EC8B /* LaunchScreen.storyboard */ = {
			isa = PBXVariantGroup;
			children = (
				ACF8DC481E3B196400D4EC8B /* Base */,
			);
			name = LaunchScreen.storyboard;
			sourceTree = "<group>";
		};
/* End PBXVariantGroup section */

/* Begin XCBuildConfiguration section */
		ACF8DC561E3B196400D4EC8B /* Debug */ = {
			isa = XCBuildConfiguration;
			buildSettings = {
				ALWAYS_SEARCH_USER_PATHS = NO;
				CLANG_ANALYZER_NONNULL = YES;
				CLANG_CXX_LANGUAGE_STANDARD = "gnu++0x";
				CLANG_CXX_LIBRARY = "libc++";
				CLANG_ENABLE_MODULES = YES;
				CLANG_ENABLE_OBJC_ARC = YES;
				CLANG_WARN_BOOL_CONVERSION = YES;
				CLANG_WARN_CONSTANT_CONVERSION = YES;
				CLANG_WARN_DIRECT_OBJC_ISA_USAGE = YES_ERROR;
				CLANG_WARN_DOCUMENTATION_COMMENTS = YES;
				CLANG_WARN_EMPTY_BODY = YES;
				CLANG_WARN_ENUM_CONVERSION = YES;
				CLANG_WARN_INFINITE_RECURSION = YES;
				CLANG_WARN_INT_CONVERSION = YES;
				CLANG_WARN_OBJC_ROOT_CLASS = YES_ERROR;
				CLANG_WARN_SUSPICIOUS_MOVE = YES;
				CLANG_WARN_UNREACHABLE_CODE = YES;
				CLANG_WARN__DUPLICATE_METHOD_MATCH = YES;
				"CODE_SIGN_IDENTITY[sdk=iphoneos*]" = "iPhone Developer";
				COPY_PHASE_STRIP = NO;
				DEBUG_INFORMATION_FORMAT = dwarf;
				ENABLE_STRICT_OBJC_MSGSEND = YES;
				ENABLE_TESTABILITY = YES;
				GCC_C_LANGUAGE_STANDARD = gnu99;
				GCC_DYNAMIC_NO_PIC = NO;
				GCC_NO_COMMON_BLOCKS = YES;
				GCC_OPTIMIZATION_LEVEL = 0;
				GCC_PREPROCESSOR_DEFINITIONS = (
					"DEBUG=1",
					"$(inherited)",
				);
				GCC_WARN_64_TO_32_BIT_CONVERSION = YES;
				GCC_WARN_ABOUT_RETURN_TYPE = YES_ERROR;
				GCC_WARN_UNDECLARED_SELECTOR = YES;
				GCC_WARN_UNINITIALIZED_AUTOS = YES_AGGRESSIVE;
				GCC_WARN_UNUSED_FUNCTION = YES;
				GCC_WARN_UNUSED_VARIABLE = YES;
				IPHONEOS_DEPLOYMENT_TARGET = 10.2;
				MTL_ENABLE_DEBUG_INFO = YES;
				ONLY_ACTIVE_ARCH = YES;
				SDKROOT = iphoneos;
				SWIFT_ACTIVE_COMPILATION_CONDITIONS = DEBUG;
				SWIFT_OPTIMIZATION_LEVEL = "-Onone";
				TARGETED_DEVICE_FAMILY = "1,2";
			};
			name = Debug;
		};
		ACF8DC571E3B196400D4EC8B /* Release */ = {
			isa = XCBuildConfiguration;
			buildSettings = {
				ALWAYS_SEARCH_USER_PATHS = NO;
				CLANG_ANALYZER_NONNULL = YES;
				CLANG_CXX_LANGUAGE_STANDARD = "gnu++0x";
				CLANG_CXX_LIBRARY = "libc++";
				CLANG_ENABLE_MODULES = YES;
				CLANG_ENABLE_OBJC_ARC = YES;
				CLANG_WARN_BOOL_CONVERSION = YES;
				CLANG_WARN_CONSTANT_CONVERSION = YES;
				CLANG_WARN_DIRECT_OBJC_ISA_USAGE = YES_ERROR;
				CLANG_WARN_DOCUMENTATION_COMMENTS = YES;
				CLANG_WARN_EMPTY_BODY = YES;
				CLANG_WARN_ENUM_CONVERSION = YES;
				CLANG_WARN_INFINITE_RECURSION = YES;
				CLANG_WARN_INT_CONVERSION = YES;
				CLANG_WARN_OBJC_ROOT_CLASS = YES_ERROR;
				CLANG_WARN_SUSPICIOUS_MOVE = YES;
				CLANG_WARN_UNREACHABLE_CODE = YES;
				CLANG_WARN__DUPLICATE_METHOD_MATCH = YES;
				"CODE_SIGN_IDENTITY[sdk=iphoneos*]" = "iPhone Developer";
				COPY_PHASE_STRIP = NO;
				DEBUG_INFORMATION_FORMAT = "dwarf-with-dsym";
				ENABLE_NS_ASSERTIONS = NO;
				ENABLE_STRICT_OBJC_MSGSEND = YES;
				GCC_C_LANGUAGE_STANDARD = gnu99;
				GCC_NO_COMMON_BLOCKS = YES;
				GCC_WARN_64_TO_32_BIT_CONVERSION = YES;
				GCC_WARN_ABOUT_RETURN_TYPE = YES_ERROR;
				GCC_WARN_UNDECLARED_SELECTOR = YES;
				GCC_WARN_UNINITIALIZED_AUTOS = YES_AGGRESSIVE;
				GCC_WARN_UNUSED_FUNCTION = YES;
				GCC_WARN_UNUSED_VARIABLE = YES;
				IPHONEOS_DEPLOYMENT_TARGET = 10.2;
				MTL_ENABLE_DEBUG_INFO = NO;
				SDKROOT = iphoneos;
				SWIFT_OPTIMIZATION_LEVEL = "-Owholemodule";
				TARGETED_DEVICE_FAMILY = "1,2";
				VALIDATE_PRODUCT = YES;
			};
			name = Release;
		};
		ACF8DC591E3B196400D4EC8B /* Debug */ = {
			isa = XCBuildConfiguration;
			baseConfigurationReference = F2A3E0CDFA3D2C3591129C11 /* Pods-FreshFades.debug.xcconfig */;
			buildSettings = {
				ASSETCATALOG_COMPILER_APPICON_NAME = AppIcon;
				DEVELOPMENT_TEAM = 6QBR52NJ4V;
				INFOPLIST_FILE = FreshFades/Info.plist;
				LD_RUNPATH_SEARCH_PATHS = "$(inherited) @executable_path/Frameworks";
				PRODUCT_BUNDLE_IDENTIFIER = com.rutgerfarry.FreshFades;
				PRODUCT_NAME = "$(TARGET_NAME)";
				SWIFT_VERSION = 3.0;
			};
			name = Debug;
		};
		ACF8DC5A1E3B196400D4EC8B /* Release */ = {
			isa = XCBuildConfiguration;
			baseConfigurationReference = 5A7C63D0D8933DE3CDA1D55A /* Pods-FreshFades.release.xcconfig */;
			buildSettings = {
				ASSETCATALOG_COMPILER_APPICON_NAME = AppIcon;
				DEVELOPMENT_TEAM = 6QBR52NJ4V;
				INFOPLIST_FILE = FreshFades/Info.plist;
				LD_RUNPATH_SEARCH_PATHS = "$(inherited) @executable_path/Frameworks";
				PRODUCT_BUNDLE_IDENTIFIER = com.rutgerfarry.FreshFades;
				PRODUCT_NAME = "$(TARGET_NAME)";
				SWIFT_VERSION = 3.0;
			};
			name = Release;
		};
		ACF8DC5C1E3B196400D4EC8B /* Debug */ = {
			isa = XCBuildConfiguration;
			baseConfigurationReference = 5A3D58B74F8978FCB3E7911D /* Pods-FreshFadesTests.debug.xcconfig */;
			buildSettings = {
				ALWAYS_EMBED_SWIFT_STANDARD_LIBRARIES = "$(inherited)";
				BUNDLE_LOADER = "$(TEST_HOST)";
				DEVELOPMENT_TEAM = 6QBR52NJ4V;
				INFOPLIST_FILE = FreshFadesTests/Info.plist;
				LD_RUNPATH_SEARCH_PATHS = "$(inherited) @executable_path/Frameworks @loader_path/Frameworks";
				PRODUCT_BUNDLE_IDENTIFIER = com.rutgerfarry.FreshFadesTests;
				PRODUCT_NAME = "$(TARGET_NAME)";
				SWIFT_VERSION = 3.0;
				TEST_HOST = "$(BUILT_PRODUCTS_DIR)/FreshFades.app/FreshFades";
			};
			name = Debug;
		};
		ACF8DC5D1E3B196400D4EC8B /* Release */ = {
			isa = XCBuildConfiguration;
			baseConfigurationReference = 86EDBAFA1EF4EDA314F4693F /* Pods-FreshFadesTests.release.xcconfig */;
			buildSettings = {
				ALWAYS_EMBED_SWIFT_STANDARD_LIBRARIES = "$(inherited)";
				BUNDLE_LOADER = "$(TEST_HOST)";
				DEVELOPMENT_TEAM = 6QBR52NJ4V;
				INFOPLIST_FILE = FreshFadesTests/Info.plist;
				LD_RUNPATH_SEARCH_PATHS = "$(inherited) @executable_path/Frameworks @loader_path/Frameworks";
				PRODUCT_BUNDLE_IDENTIFIER = com.rutgerfarry.FreshFadesTests;
				PRODUCT_NAME = "$(TARGET_NAME)";
				SWIFT_VERSION = 3.0;
				TEST_HOST = "$(BUILT_PRODUCTS_DIR)/FreshFades.app/FreshFades";
			};
			name = Release;
		};
/* End XCBuildConfiguration section */

/* Begin XCConfigurationList section */
		ACF8DC361E3B196300D4EC8B /* Build configuration list for PBXProject "FreshFades" */ = {
			isa = XCConfigurationList;
			buildConfigurations = (
				ACF8DC561E3B196400D4EC8B /* Debug */,
				ACF8DC571E3B196400D4EC8B /* Release */,
			);
			defaultConfigurationIsVisible = 0;
			defaultConfigurationName = Release;
		};
		ACF8DC581E3B196400D4EC8B /* Build configuration list for PBXNativeTarget "FreshFades" */ = {
			isa = XCConfigurationList;
			buildConfigurations = (
				ACF8DC591E3B196400D4EC8B /* Debug */,
				ACF8DC5A1E3B196400D4EC8B /* Release */,
			);
			defaultConfigurationIsVisible = 0;
			defaultConfigurationName = Release;
		};
		ACF8DC5B1E3B196400D4EC8B /* Build configuration list for PBXNativeTarget "FreshFadesTests" */ = {
			isa = XCConfigurationList;
			buildConfigurations = (
				ACF8DC5C1E3B196400D4EC8B /* Debug */,
				ACF8DC5D1E3B196400D4EC8B /* Release */,
			);
			defaultConfigurationIsVisible = 0;
			defaultConfigurationName = Release;
		};
/* End XCConfigurationList section */
	};
	rootObject = ACF8DC331E3B196300D4EC8B /* Project object */;
}
